
Microsoft Visual Studio Solution File, Format Version 12.00
# Visual Studio 15
VisualStudioVersion = 15.0.27428.1
MinimumVisualStudioVersion = 10.0.40219.1
Project("{FAE04EC0-301F-11D3-BF4B-00C04F79EFBC}") = "EmitExperiment", "EmitExperiment\EmitExperiment.csproj", "{6629FE80-A47E-4895-A6B4-936A03013B2D}"
EndProject
Global
	GlobalSection(SolutionConfigurationPlatforms) = preSolution
		Debug|Any CPU = Debug|Any CPU
		Release|Any CPU = Release|Any CPU
	EndGlobalSection
	GlobalSection(ProjectConfigurationPlatforms) = postSolution
		{6629FE80-A47E-4895-A6B4-936A03013B2D}.Debug|Any CPU.ActiveCfg = Debug|Any CPU
		{6629FE80-A47E-4895-A6B4-936A03013B2D}.Debug|Any CPU.Build.0 = Debug|Any CPU
		{6629FE80-A47E-4895-A6B4-936A03013B2D}.Release|Any CPU.ActiveCfg = Release|Any CPU
		{6629FE80-A47E-4895-A6B4-936A03013B2D}.Release|Any CPU.Build.0 = Release|Any CPU
	EndGlobalSection
	GlobalSection(SolutionProperties) = preSolution
		HideSolutionNode = FALSE
	EndGlobalSection
	GlobalSection(ExtensibilityGlobals) = postSolution
		SolutionGuid = {AD2C2AFA-03AE-4F29-B940-9AFAFB18EEDC}
	EndGlobalSection
EndGlobal
